
Microsoft Visual Studio Solution File, Format Version 12.00
# Visual Studio Version 17
VisualStudioVersion = 17.2.32616.157
MinimumVisualStudioVersion = 10.0.40219.1
Project("{FAE04EC0-301F-11D3-BF4B-00C04F79EFBC}") = "DevPrue", "DevPrue\DevPrue.csproj", "{73522D53-358D-415B-88C1-51AD6043FB8A}"
EndProject
Global
	GlobalSection(SolutionConfigurationPlatforms) = preSolution
		Debug|Any CPU = Debug|Any CPU
		Release|Any CPU = Release|Any CPU
	EndGlobalSection
	GlobalSection(ProjectConfigurationPlatforms) = postSolution
		{73522D53-358D-415B-88C1-51AD6043FB8A}.Debug|Any CPU.ActiveCfg = Debug|Any CPU
		{73522D53-358D-415B-88C1-51AD6043FB8A}.Debug|Any CPU.Build.0 = Debug|Any CPU
		{73522D53-358D-415B-88C1-51AD6043FB8A}.Release|Any CPU.ActiveCfg = Release|Any CPU
		{73522D53-358D-415B-88C1-51AD6043FB8A}.Release|Any CPU.Build.0 = Release|Any CPU
	EndGlobalSection
	GlobalSection(SolutionProperties) = preSolution
		HideSolutionNode = FALSE
	EndGlobalSection
	GlobalSection(ExtensibilityGlobals) = postSolution
		SolutionGuid = {C2B776E4-554F-4403-A087-327897E6D275}
	EndGlobalSection
EndGlobal
